// !$*UTF8*$!
{
	archiveVersion = 1;
	classes = {
	};
	objectVersion = 51;
	objects = {

/* Begin PBXBuildFile section */
		44C4952C25078035007166BD /* AppDelegate.swift in Sources */ = {isa = PBXBuildFile; fileRef = 44C4952B25078035007166BD /* AppDelegate.swift */; };
		44C4952E25078035007166BD /* SceneDelegate.swift in Sources */ = {isa = PBXBuildFile; fileRef = 44C4952D25078035007166BD /* SceneDelegate.swift */; };
		44C4953025078035007166BD /* HomeViewController.swift in Sources */ = {isa = PBXBuildFile; fileRef = 44C4952F25078035007166BD /* HomeViewController.swift */; };
		44C4953525078038007166BD /* Assets.xcassets in Resources */ = {isa = PBXBuildFile; fileRef = 44C4953425078038007166BD /* Assets.xcassets */; };
		44C4953825078038007166BD /* LaunchScreen.storyboard in Resources */ = {isa = PBXBuildFile; fileRef = 44C4953625078038007166BD /* LaunchScreen.storyboard */; };
		44C4954325078039007166BD /* NewsAppTests.swift in Sources */ = {isa = PBXBuildFile; fileRef = 44C4954225078039007166BD /* NewsAppTests.swift */; };
		44C4955625078237007166BD /* Coordinator.swift in Sources */ = {isa = PBXBuildFile; fileRef = 44C4955525078237007166BD /* Coordinator.swift */; };
		44C4955825078334007166BD /* AppCoordinator.swift in Sources */ = {isa = PBXBuildFile; fileRef = 44C4955725078334007166BD /* AppCoordinator.swift */; };
		44C4955A2507837A007166BD /* ArticleCoordinator.swift in Sources */ = {isa = PBXBuildFile; fileRef = 44C495592507837A007166BD /* ArticleCoordinator.swift */; };
		44C4955E2507844B007166BD /* Roboto-Regular.ttf in Resources */ = {isa = PBXBuildFile; fileRef = 44C4955C2507844B007166BD /* Roboto-Regular.ttf */; };
		44C4955F2507844B007166BD /* Roboto-Medium.ttf in Resources */ = {isa = PBXBuildFile; fileRef = 44C4955D2507844B007166BD /* Roboto-Medium.ttf */; };
		44C4956125078498007166BD /* BaseViewController.swift in Sources */ = {isa = PBXBuildFile; fileRef = 44C4956025078498007166BD /* BaseViewController.swift */; };
		44C4956925078C79007166BD /* NewsViewModel.swift in Sources */ = {isa = PBXBuildFile; fileRef = 44C4956825078C79007166BD /* NewsViewModel.swift */; };
		44C4956B25078D08007166BD /* Helper+Extentions.swift in Sources */ = {isa = PBXBuildFile; fileRef = 44C4956A25078D08007166BD /* Helper+Extentions.swift */; };
		44C4956D250790B9007166BD /* APIclient.swift in Sources */ = {isa = PBXBuildFile; fileRef = 44C4956C250790B9007166BD /* APIclient.swift */; };
		44C4957125079539007166BD /* ArticleModel.swift in Sources */ = {isa = PBXBuildFile; fileRef = 44C4957025079539007166BD /* ArticleModel.swift */; };
		44C4957425079F76007166BD /* CacheDataProvider.swift in Sources */ = {isa = PBXBuildFile; fileRef = 44C4957325079F76007166BD /* CacheDataProvider.swift */; };
		44C4957725079FFD007166BD /* ArticleData.xcdatamodeld in Sources */ = {isa = PBXBuildFile; fileRef = 44C4957525079FFD007166BD /* ArticleData.xcdatamodeld */; };
		44C4957A2507A29A007166BD /* NewsTableViewCell.swift in Sources */ = {isa = PBXBuildFile; fileRef = 44C495782507A29A007166BD /* NewsTableViewCell.swift */; };
		44C4957B2507A29A007166BD /* NewsTableViewCell.xib in Resources */ = {isa = PBXBuildFile; fileRef = 44C495792507A29A007166BD /* NewsTableViewCell.xib */; };
		44C4957D2507AA63007166BD /* NewsDetailViewController.swift in Sources */ = {isa = PBXBuildFile; fileRef = 44C4957C2507AA63007166BD /* NewsDetailViewController.swift */; };
		44C4957F2507ADC4007166BD /* ArticleRouter.swift in Sources */ = {isa = PBXBuildFile; fileRef = 44C4957E2507ADC4007166BD /* ArticleRouter.swift */; };
		44C495812507B6D7007166BD /* NewsDetailViewModel.swift in Sources */ = {isa = PBXBuildFile; fileRef = 44C495802507B6D7007166BD /* NewsDetailViewModel.swift */; };
		44C495832507C2C9007166BD /* LocalDataProvider.swift in Sources */ = {isa = PBXBuildFile; fileRef = 44C495822507C2C9007166BD /* LocalDataProvider.swift */; };
		44DA244B2509DEF100EBDBA4 /* Reachability.swift in Sources */ = {isa = PBXBuildFile; fileRef = 44DA244A2509DEF100EBDBA4 /* Reachability.swift */; };
		44DA244E2509F4B500EBDBA4 /* Constant.swift in Sources */ = {isa = PBXBuildFile; fileRef = 44DA244D2509F4B500EBDBA4 /* Constant.swift */; };
/* End PBXBuildFile section */

/* Begin PBXContainerItemProxy section */
		44C4953F25078039007166BD /* PBXContainerItemProxy */ = {
			isa = PBXContainerItemProxy;
			containerPortal = 44C4952025078035007166BD /* Project object */;
			proxyType = 1;
			remoteGlobalIDString = 44C4952725078035007166BD;
			remoteInfo = NewsApp;
		};
/* End PBXContainerItemProxy section */

/* Begin PBXFileReference section */
		44C4952825078035007166BD /* NewsApp.app */ = {isa = PBXFileReference; explicitFileType = wrapper.application; includeInIndex = 0; path = NewsApp.app; sourceTree = BUILT_PRODUCTS_DIR; };
		44C4952B25078035007166BD /* AppDelegate.swift */ = {isa = PBXFileReference; lastKnownFileType = sourcecode.swift; path = AppDelegate.swift; sourceTree = "<group>"; };
		44C4952D25078035007166BD /* SceneDelegate.swift */ = {isa = PBXFileReference; lastKnownFileType = sourcecode.swift; path = SceneDelegate.swift; sourceTree = "<group>"; };
		44C4952F25078035007166BD /* HomeViewController.swift */ = {isa = PBXFileReference; lastKnownFileType = sourcecode.swift; path = HomeViewController.swift; sourceTree = "<group>"; };
		44C4953425078038007166BD /* Assets.xcassets */ = {isa = PBXFileReference; lastKnownFileType = folder.assetcatalog; path = Assets.xcassets; sourceTree = "<group>"; };
		44C4953725078038007166BD /* Base */ = {isa = PBXFileReference; lastKnownFileType = file.storyboard; name = Base; path = Base.lproj/LaunchScreen.storyboard; sourceTree = "<group>"; };
		44C4953925078038007166BD /* Info.plist */ = {isa = PBXFileReference; lastKnownFileType = text.plist.xml; path = Info.plist; sourceTree = "<group>"; };
		44C4953E25078039007166BD /* NewsAppTests.xctest */ = {isa = PBXFileReference; explicitFileType = wrapper.cfbundle; includeInIndex = 0; path = NewsAppTests.xctest; sourceTree = BUILT_PRODUCTS_DIR; };
		44C4954225078039007166BD /* NewsAppTests.swift */ = {isa = PBXFileReference; lastKnownFileType = sourcecode.swift; path = NewsAppTests.swift; sourceTree = "<group>"; };
		44C4954425078039007166BD /* Info.plist */ = {isa = PBXFileReference; lastKnownFileType = text.plist.xml; path = Info.plist; sourceTree = "<group>"; };
		44C4955525078237007166BD /* Coordinator.swift */ = {isa = PBXFileReference; lastKnownFileType = sourcecode.swift; path = Coordinator.swift; sourceTree = "<group>"; };
		44C4955725078334007166BD /* AppCoordinator.swift */ = {isa = PBXFileReference; lastKnownFileType = sourcecode.swift; path = AppCoordinator.swift; sourceTree = "<group>"; };
		44C495592507837A007166BD /* ArticleCoordinator.swift */ = {isa = PBXFileReference; lastKnownFileType = sourcecode.swift; path = ArticleCoordinator.swift; sourceTree = "<group>"; };
		44C4955C2507844B007166BD /* Roboto-Regular.ttf */ = {isa = PBXFileReference; lastKnownFileType = file; path = "Roboto-Regular.ttf"; sourceTree = "<group>"; };
		44C4955D2507844B007166BD /* Roboto-Medium.ttf */ = {isa = PBXFileReference; lastKnownFileType = file; path = "Roboto-Medium.ttf"; sourceTree = "<group>"; };
		44C4956025078498007166BD /* BaseViewController.swift */ = {isa = PBXFileReference; lastKnownFileType = sourcecode.swift; path = BaseViewController.swift; sourceTree = "<group>"; };
		44C4956825078C79007166BD /* NewsViewModel.swift */ = {isa = PBXFileReference; lastKnownFileType = sourcecode.swift; path = NewsViewModel.swift; sourceTree = "<group>"; };
		44C4956A25078D08007166BD /* Helper+Extentions.swift */ = {isa = PBXFileReference; lastKnownFileType = sourcecode.swift; path = "Helper+Extentions.swift"; sourceTree = "<group>"; };
		44C4956C250790B9007166BD /* APIclient.swift */ = {isa = PBXFileReference; lastKnownFileType = sourcecode.swift; path = APIclient.swift; sourceTree = "<group>"; };
		44C4957025079539007166BD /* ArticleModel.swift */ = {isa = PBXFileReference; lastKnownFileType = sourcecode.swift; path = ArticleModel.swift; sourceTree = "<group>"; };
		44C4957325079F76007166BD /* CacheDataProvider.swift */ = {isa = PBXFileReference; lastKnownFileType = sourcecode.swift; path = CacheDataProvider.swift; sourceTree = "<group>"; };
		44C4957625079FFD007166BD /* ArticleData.xcdatamodel */ = {isa = PBXFileReference; lastKnownFileType = wrapper.xcdatamodel; path = ArticleData.xcdatamodel; sourceTree = "<group>"; };
		44C495782507A29A007166BD /* NewsTableViewCell.swift */ = {isa = PBXFileReference; lastKnownFileType = sourcecode.swift; path = NewsTableViewCell.swift; sourceTree = "<group>"; };
		44C495792507A29A007166BD /* NewsTableViewCell.xib */ = {isa = PBXFileReference; lastKnownFileType = file.xib; path = NewsTableViewCell.xib; sourceTree = "<group>"; };
		44C4957C2507AA63007166BD /* NewsDetailViewController.swift */ = {isa = PBXFileReference; lastKnownFileType = sourcecode.swift; path = NewsDetailViewController.swift; sourceTree = "<group>"; };
		44C4957E2507ADC4007166BD /* ArticleRouter.swift */ = {isa = PBXFileReference; lastKnownFileType = sourcecode.swift; path = ArticleRouter.swift; sourceTree = "<group>"; };
		44C495802507B6D7007166BD /* NewsDetailViewModel.swift */ = {isa = PBXFileReference; lastKnownFileType = sourcecode.swift; path = NewsDetailViewModel.swift; sourceTree = "<group>"; };
		44C495822507C2C9007166BD /* LocalDataProvider.swift */ = {isa = PBXFileReference; lastKnownFileType = sourcecode.swift; path = LocalDataProvider.swift; sourceTree = "<group>"; };
		44DA244A2509DEF100EBDBA4 /* Reachability.swift */ = {isa = PBXFileReference; lastKnownFileType = sourcecode.swift; path = Reachability.swift; sourceTree = "<group>"; };
		44DA244D2509F4B500EBDBA4 /* Constant.swift */ = {isa = PBXFileReference; lastKnownFileType = sourcecode.swift; path = Constant.swift; sourceTree = "<group>"; };
/* End PBXFileReference section */

/* Begin PBXFrameworksBuildPhase section */
		44C4952525078035007166BD /* Frameworks */ = {
			isa = PBXFrameworksBuildPhase;
			buildActionMask = 2147483647;
			files = (
			);
			runOnlyForDeploymentPostprocessing = 0;
		};
		44C4953B25078039007166BD /* Frameworks */ = {
			isa = PBXFrameworksBuildPhase;
			buildActionMask = 2147483647;
			files = (
			);
			runOnlyForDeploymentPostprocessing = 0;
		};
/* End PBXFrameworksBuildPhase section */

/* Begin PBXGroup section */
		27A8CF85640090CAD820BC70 /* Pods */ = {
			isa = PBXGroup;
			children = (
			);
			path = Pods;
			sourceTree = "<group>";
		};
		44C4951F25078035007166BD = {
			isa = PBXGroup;
			children = (
				44C4952A25078035007166BD /* NewsApp */,
				44C4954125078039007166BD /* NewsAppTests */,
				44C4952925078035007166BD /* Products */,
				27A8CF85640090CAD820BC70 /* Pods */,
			);
			sourceTree = "<group>";
		};
		44C4952925078035007166BD /* Products */ = {
			isa = PBXGroup;
			children = (
				44C4952825078035007166BD /* NewsApp.app */,
				44C4953E25078039007166BD /* NewsAppTests.xctest */,
			);
			name = Products;
			sourceTree = "<group>";
		};
		44C4952A25078035007166BD /* NewsApp */ = {
			isa = PBXGroup;
			children = (
				44DA244C2509F49F00EBDBA4 /* Constant */,
				44C4957225079F60007166BD /* Cache */,
				44C495542507821F007166BD /* Coordinator */,
				44C495532507810F007166BD /* Resources */,
				44C49552250780EA007166BD /* Application */,
				44C49551250780B6007166BD /* Network */,
				44C495502507809A007166BD /* Helper */,
				44C4954D25078050007166BD /* Screens */,
				44C4953925078038007166BD /* Info.plist */,
			);
			path = NewsApp;
			sourceTree = "<group>";
		};
		44C4954125078039007166BD /* NewsAppTests */ = {
			isa = PBXGroup;
			children = (
				44C4954225078039007166BD /* NewsAppTests.swift */,
				44C4954425078039007166BD /* Info.plist */,
			);
			path = NewsAppTests;
			sourceTree = "<group>";
		};
		44C4954D25078050007166BD /* Screens */ = {
			isa = PBXGroup;
			children = (
				44C4954F2507807A007166BD /* DetailScreen */,
				44C4954E2507805F007166BD /* HomeScreen */,
			);
			path = Screens;
			sourceTree = "<group>";
		};
		44C4954E2507805F007166BD /* HomeScreen */ = {
			isa = PBXGroup;
			children = (
				44C4956725078C35007166BD /* ViewModel */,
				44C4956225078603007166BD /* Cell */,
				44C4952F25078035007166BD /* HomeViewController.swift */,
				44C4957E2507ADC4007166BD /* ArticleRouter.swift */,
			);
			path = HomeScreen;
			sourceTree = "<group>";
		};
		44C4954F2507807A007166BD /* DetailScreen */ = {
			isa = PBXGroup;
			children = (
				44C4957C2507AA63007166BD /* NewsDetailViewController.swift */,
				44C495802507B6D7007166BD /* NewsDetailViewModel.swift */,
			);
			path = DetailScreen;
			sourceTree = "<group>";
		};
		44C495502507809A007166BD /* Helper */ = {
			isa = PBXGroup;
			children = (
				44C4956025078498007166BD /* BaseViewController.swift */,
				44C4956A25078D08007166BD /* Helper+Extentions.swift */,
				44DA244A2509DEF100EBDBA4 /* Reachability.swift */,
			);
			path = Helper;
			sourceTree = "<group>";
		};
		44C49551250780B6007166BD /* Network */ = {
			isa = PBXGroup;
			children = (
				44C4956C250790B9007166BD /* APIclient.swift */,
				44C4957025079539007166BD /* ArticleModel.swift */,
			);
			path = Network;
			sourceTree = "<group>";
		};
		44C49552250780EA007166BD /* Application */ = {
			isa = PBXGroup;
			children = (
				44C4952B25078035007166BD /* AppDelegate.swift */,
				44C4953625078038007166BD /* LaunchScreen.storyboard */,
				44C4952D25078035007166BD /* SceneDelegate.swift */,
			);
			path = Application;
			sourceTree = "<group>";
		};
		44C495532507810F007166BD /* Resources */ = {
			isa = PBXGroup;
			children = (
				44C4955B2507842B007166BD /* fonts */,
				44C4953425078038007166BD /* Assets.xcassets */,
			);
			path = Resources;
			sourceTree = "<group>";
		};
		44C495542507821F007166BD /* Coordinator */ = {
			isa = PBXGroup;
			children = (
				44C4955525078237007166BD /* Coordinator.swift */,
				44C4955725078334007166BD /* AppCoordinator.swift */,
				44C495592507837A007166BD /* ArticleCoordinator.swift */,
			);
			path = Coordinator;
			sourceTree = "<group>";
		};
		44C4955B2507842B007166BD /* fonts */ = {
			isa = PBXGroup;
			children = (
				44C4955D2507844B007166BD /* Roboto-Medium.ttf */,
				44C4955C2507844B007166BD /* Roboto-Regular.ttf */,
			);
			path = fonts;
			sourceTree = "<group>";
		};
		44C4956225078603007166BD /* Cell */ = {
			isa = PBXGroup;
			children = (
				44C495782507A29A007166BD /* NewsTableViewCell.swift */,
				44C495792507A29A007166BD /* NewsTableViewCell.xib */,
			);
			path = Cell;
			sourceTree = "<group>";
		};
		44C4956725078C35007166BD /* ViewModel */ = {
			isa = PBXGroup;
			children = (
				44C4956825078C79007166BD /* NewsViewModel.swift */,
			);
			path = ViewModel;
			sourceTree = "<group>";
		};
		44C4957225079F60007166BD /* Cache */ = {
			isa = PBXGroup;
			children = (
				44C4957325079F76007166BD /* CacheDataProvider.swift */,
				44C4957525079FFD007166BD /* ArticleData.xcdatamodeld */,
				44C495822507C2C9007166BD /* LocalDataProvider.swift */,
			);
			path = Cache;
			sourceTree = "<group>";
		};
		44DA244C2509F49F00EBDBA4 /* Constant */ = {
			isa = PBXGroup;
			children = (
				44DA244D2509F4B500EBDBA4 /* Constant.swift */,
			);
			path = Constant;
			sourceTree = "<group>";
		};
/* End PBXGroup section */

/* Begin PBXNativeTarget section */
		44C4952725078035007166BD /* NewsApp */ = {
			isa = PBXNativeTarget;
			buildConfigurationList = 44C4954725078039007166BD /* Build configuration list for PBXNativeTarget "NewsApp" */;
			buildPhases = (
				44C4952425078035007166BD /* Sources */,
				44C4952525078035007166BD /* Frameworks */,
				44C4952625078035007166BD /* Resources */,
			);
			buildRules = (
			);
			dependencies = (
			);
			name = NewsApp;
			productName = NewsApp;
			productReference = 44C4952825078035007166BD /* NewsApp.app */;
			productType = "com.apple.product-type.application";
		};
		44C4953D25078039007166BD /* NewsAppTests */ = {
			isa = PBXNativeTarget;
			buildConfigurationList = 44C4954A25078039007166BD /* Build configuration list for PBXNativeTarget "NewsAppTests" */;
			buildPhases = (
				44C4953A25078039007166BD /* Sources */,
				44C4953B25078039007166BD /* Frameworks */,
				44C4953C25078039007166BD /* Resources */,
			);
			buildRules = (
			);
			dependencies = (
				44C4954025078039007166BD /* PBXTargetDependency */,
			);
			name = NewsAppTests;
			productName = NewsAppTests;
			productReference = 44C4953E25078039007166BD /* NewsAppTests.xctest */;
			productType = "com.apple.product-type.bundle.unit-test";
		};
/* End PBXNativeTarget section */

/* Begin PBXProject section */
		44C4952025078035007166BD /* Project object */ = {
			isa = PBXProject;
			attributes = {
				LastSwiftUpdateCheck = 1160;
				LastUpgradeCheck = 1160;
				ORGANIZATIONNAME = "Brajesh Kumar";
				TargetAttributes = {
					44C4952725078035007166BD = {
						CreatedOnToolsVersion = 11.6;
					};
					44C4953D25078039007166BD = {
						CreatedOnToolsVersion = 11.6;
						TestTargetID = 44C4952725078035007166BD;
					};
				};
			};
			buildConfigurationList = 44C4952325078035007166BD /* Build configuration list for PBXProject "NewsApp" */;
			compatibilityVersion = "Xcode 9.3";
			developmentRegion = en;
			hasScannedForEncodings = 0;
			knownRegions = (
				en,
				Base,
			);
			mainGroup = 44C4951F25078035007166BD;
			productRefGroup = 44C4952925078035007166BD /* Products */;
			projectDirPath = "";
			projectRoot = "";
			targets = (
				44C4952725078035007166BD /* NewsApp */,
				44C4953D25078039007166BD /* NewsAppTests */,
			);
		};
/* End PBXProject section */

/* Begin PBXResourcesBuildPhase section */
		44C4952625078035007166BD /* Resources */ = {
			isa = PBXResourcesBuildPhase;
			buildActionMask = 2147483647;
			files = (
				44C4955F2507844B007166BD /* Roboto-Medium.ttf in Resources */,
				44C4955E2507844B007166BD /* Roboto-Regular.ttf in Resources */,
				44C4953825078038007166BD /* LaunchScreen.storyboard in Resources */,
				44C4957B2507A29A007166BD /* NewsTableViewCell.xib in Resources */,
				44C4953525078038007166BD /* Assets.xcassets in Resources */,
			);
			runOnlyForDeploymentPostprocessing = 0;
		};
		44C4953C25078039007166BD /* Resources */ = {
			isa = PBXResourcesBuildPhase;
			buildActionMask = 2147483647;
			files = (
			);
			runOnlyForDeploymentPostprocessing = 0;
		};
/* End PBXResourcesBuildPhase section */

/* Begin PBXSourcesBuildPhase section */
		44C4952425078035007166BD /* Sources */ = {
			isa = PBXSourcesBuildPhase;
			buildActionMask = 2147483647;
			files = (
				44C4956B25078D08007166BD /* Helper+Extentions.swift in Sources */,
				44C4955625078237007166BD /* Coordinator.swift in Sources */,
				44C4957A2507A29A007166BD /* NewsTableViewCell.swift in Sources */,
				44C4957F2507ADC4007166BD /* ArticleRouter.swift in Sources */,
				44C495812507B6D7007166BD /* NewsDetailViewModel.swift in Sources */,
				44C4956925078C79007166BD /* NewsViewModel.swift in Sources */,
				44C4953025078035007166BD /* HomeViewController.swift in Sources */,
				44DA244E2509F4B500EBDBA4 /* Constant.swift in Sources */,
				44C4955825078334007166BD /* AppCoordinator.swift in Sources */,
				44C4956D250790B9007166BD /* APIclient.swift in Sources */,
				44C4952C25078035007166BD /* AppDelegate.swift in Sources */,
				44C495832507C2C9007166BD /* LocalDataProvider.swift in Sources */,
				44C4957425079F76007166BD /* CacheDataProvider.swift in Sources */,
				44C4957D2507AA63007166BD /* NewsDetailViewController.swift in Sources */,
				44DA244B2509DEF100EBDBA4 /* Reachability.swift in Sources */,
				44C4957725079FFD007166BD /* ArticleData.xcdatamodeld in Sources */,
				44C4952E25078035007166BD /* SceneDelegate.swift in Sources */,
				44C4956125078498007166BD /* BaseViewController.swift in Sources */,
				44C4957125079539007166BD /* ArticleModel.swift in Sources */,
				44C4955A2507837A007166BD /* ArticleCoordinator.swift in Sources */,
			);
			runOnlyForDeploymentPostprocessing = 0;
		};
		44C4953A25078039007166BD /* Sources */ = {
			isa = PBXSourcesBuildPhase;
			buildActionMask = 2147483647;
			files = (
				44C4954325078039007166BD /* NewsAppTests.swift in Sources */,
			);
			runOnlyForDeploymentPostprocessing = 0;
		};
/* End PBXSourcesBuildPhase section */

/* Begin PBXTargetDependency section */
		44C4954025078039007166BD /* PBXTargetDependency */ = {
			isa = PBXTargetDependency;
			target = 44C4952725078035007166BD /* NewsApp */;
			targetProxy = 44C4953F25078039007166BD /* PBXContainerItemProxy */;
		};
/* End PBXTargetDependency section */

/* Begin PBXVariantGroup section */
		44C4953625078038007166BD /* LaunchScreen.storyboard */ = {
			isa = PBXVariantGroup;
			children = (
				44C4953725078038007166BD /* Base */,
			);
			name = LaunchScreen.storyboard;
			sourceTree = "<group>";
		};
/* End PBXVariantGroup section */

/* Begin XCBuildConfiguration section */
		44C4954525078039007166BD /* Debug */ = {
			isa = XCBuildConfiguration;
			buildSettings = {
				ALWAYS_SEARCH_USER_PATHS = NO;
				CLANG_ANALYZER_NONNULL = YES;
				CLANG_ANALYZER_NUMBER_OBJECT_CONVERSION = YES_AGGRESSIVE;
				CLANG_CXX_LANGUAGE_STANDARD = "gnu++14";
				CLANG_CXX_LIBRARY = "libc++";
				CLANG_ENABLE_MODULES = YES;
				CLANG_ENABLE_OBJC_ARC = YES;
				CLANG_ENABLE_OBJC_WEAK = YES;
				CLANG_WARN_BLOCK_CAPTURE_AUTORELEASING = YES;
				CLANG_WARN_BOOL_CONVERSION = YES;
				CLANG_WARN_COMMA = YES;
				CLANG_WARN_CONSTANT_CONVERSION = YES;
				CLANG_WARN_DEPRECATED_OBJC_IMPLEMENTATIONS = YES;
				CLANG_WARN_DIRECT_OBJC_ISA_USAGE = YES_ERROR;
				CLANG_WARN_DOCUMENTATION_COMMENTS = YES;
				CLANG_WARN_EMPTY_BODY = YES;
				CLANG_WARN_ENUM_CONVERSION = YES;
				CLANG_WARN_INFINITE_RECURSION = YES;
				CLANG_WARN_INT_CONVERSION = YES;
				CLANG_WARN_NON_LITERAL_NULL_CONVERSION = YES;
				CLANG_WARN_OBJC_IMPLICIT_RETAIN_SELF = YES;
				CLANG_WARN_OBJC_LITERAL_CONVERSION = YES;
				CLANG_WARN_OBJC_ROOT_CLASS = YES_ERROR;
				CLANG_WARN_RANGE_LOOP_ANALYSIS = YES;
				CLANG_WARN_STRICT_PROTOTYPES = YES;
				CLANG_WARN_SUSPICIOUS_MOVE = YES;
				CLANG_WARN_UNGUARDED_AVAILABILITY = YES_AGGRESSIVE;
				CLANG_WARN_UNREACHABLE_CODE = YES;
				CLANG_WARN__DUPLICATE_METHOD_MATCH = YES;
				COPY_PHASE_STRIP = NO;
				DEBUG_INFORMATION_FORMAT = dwarf;
				ENABLE_STRICT_OBJC_MSGSEND = YES;
				ENABLE_TESTABILITY = YES;
				GCC_C_LANGUAGE_STANDARD = gnu11;
				GCC_DYNAMIC_NO_PIC = NO;
				GCC_NO_COMMON_BLOCKS = YES;
				GCC_OPTIMIZATION_LEVEL = 0;
				GCC_PREPROCESSOR_DEFINITIONS = (
					"DEBUG=1",
					"$(inherited)",
				);
				GCC_WARN_64_TO_32_BIT_CONVERSION = YES;
				GCC_WARN_ABOUT_RETURN_TYPE = YES_ERROR;
				GCC_WARN_UNDECLARED_SELECTOR = YES;
				GCC_WARN_UNINITIALIZED_AUTOS = YES_AGGRESSIVE;
				GCC_WARN_UNUSED_FUNCTION = YES;
				GCC_WARN_UNUSED_VARIABLE = YES;
				IPHONEOS_DEPLOYMENT_TARGET = 13.6;
				MTL_ENABLE_DEBUG_INFO = INCLUDE_SOURCE;
				MTL_FAST_MATH = YES;
				ONLY_ACTIVE_ARCH = YES;
				SDKROOT = iphoneos;
				SWIFT_ACTIVE_COMPILATION_CONDITIONS = DEBUG;
				SWIFT_OPTIMIZATION_LEVEL = "-Onone";
			};
			name = Debug;
		};
		44C4954625078039007166BD /* Release */ = {
			isa = XCBuildConfiguration;
			buildSettings = {
				ALWAYS_SEARCH_USER_PATHS = NO;
				CLANG_ANALYZER_NONNULL = YES;
				CLANG_ANALYZER_NUMBER_OBJECT_CONVERSION = YES_AGGRESSIVE;
				CLANG_CXX_LANGUAGE_STANDARD = "gnu++14";
				CLANG_CXX_LIBRARY = "libc++";
				CLANG_ENABLE_MODULES = YES;
				CLANG_ENABLE_OBJC_ARC = YES;
				CLANG_ENABLE_OBJC_WEAK = YES;
				CLANG_WARN_BLOCK_CAPTURE_AUTORELEASING = YES;
				CLANG_WARN_BOOL_CONVERSION = YES;
				CLANG_WARN_COMMA = YES;
				CLANG_WARN_CONSTANT_CONVERSION = YES;
				CLANG_WARN_DEPRECATED_OBJC_IMPLEMENTATIONS = YES;
				CLANG_WARN_DIRECT_OBJC_ISA_USAGE = YES_ERROR;
				CLANG_WARN_DOCUMENTATION_COMMENTS = YES;
				CLANG_WARN_EMPTY_BODY = YES;
				CLANG_WARN_ENUM_CONVERSION = YES;
				CLANG_WARN_INFINITE_RECURSION = YES;
				CLANG_WARN_INT_CONVERSION = YES;
				CLANG_WARN_NON_LITERAL_NULL_CONVERSION = YES;
				CLANG_WARN_OBJC_IMPLICIT_RETAIN_SELF = YES;
				CLANG_WARN_OBJC_LITERAL_CONVERSION = YES;
				CLANG_WARN_OBJC_ROOT_CLASS = YES_ERROR;
				CLANG_WARN_RANGE_LOOP_ANALYSIS = YES;
				CLANG_WARN_STRICT_PROTOTYPES = YES;
				CLANG_WARN_SUSPICIOUS_MOVE = YES;
				CLANG_WARN_UNGUARDED_AVAILABILITY = YES_AGGRESSIVE;
				CLANG_WARN_UNREACHABLE_CODE = YES;
				CLANG_WARN__DUPLICATE_METHOD_MATCH = YES;
				COPY_PHASE_STRIP = NO;
				DEBUG_INFORMATION_FORMAT = "dwarf-with-dsym";
				ENABLE_NS_ASSERTIONS = NO;
				ENABLE_STRICT_OBJC_MSGSEND = YES;
				GCC_C_LANGUAGE_STANDARD = gnu11;
				GCC_NO_COMMON_BLOCKS = YES;
				GCC_WARN_64_TO_32_BIT_CONVERSION = YES;
				GCC_WARN_ABOUT_RETURN_TYPE = YES_ERROR;
				GCC_WARN_UNDECLARED_SELECTOR = YES;
				GCC_WARN_UNINITIALIZED_AUTOS = YES_AGGRESSIVE;
				GCC_WARN_UNUSED_FUNCTION = YES;
				GCC_WARN_UNUSED_VARIABLE = YES;
				IPHONEOS_DEPLOYMENT_TARGET = 13.6;
				MTL_ENABLE_DEBUG_INFO = NO;
				MTL_FAST_MATH = YES;
				SDKROOT = iphoneos;
				SWIFT_COMPILATION_MODE = wholemodule;
				SWIFT_OPTIMIZATION_LEVEL = "-O";
				VALIDATE_PRODUCT = YES;
			};
			name = Release;
		};
		44C4954825078039007166BD /* Debug */ = {
			isa = XCBuildConfiguration;
			buildSettings = {
				ASSETCATALOG_COMPILER_APPICON_NAME = AppIcon;
				CODE_SIGN_STYLE = Automatic;
				DEVELOPMENT_TEAM = 7QZS4PBBA8;
				INFOPLIST_FILE = NewsApp/Info.plist;
				LD_RUNPATH_SEARCH_PATHS = (
					"$(inherited)",
					"@executable_path/Frameworks",
				);
				PRODUCT_BUNDLE_IDENTIFIER = com.bkumar.NewsApp;
				PRODUCT_NAME = "$(TARGET_NAME)";
				SWIFT_VERSION = 5.0;
				TARGETED_DEVICE_FAMILY = "1,2";
			};
			name = Debug;
		};
		44C4954925078039007166BD /* Release */ = {
			isa = XCBuildConfiguration;
			buildSettings = {
				ASSETCATALOG_COMPILER_APPICON_NAME = AppIcon;
				CODE_SIGN_STYLE = Automatic;
				DEVELOPMENT_TEAM = 7QZS4PBBA8;
				INFOPLIST_FILE = NewsApp/Info.plist;
				LD_RUNPATH_SEARCH_PATHS = (
					"$(inherited)",
					"@executable_path/Frameworks",
				);
				PRODUCT_BUNDLE_IDENTIFIER = com.bkumar.NewsApp;
				PRODUCT_NAME = "$(TARGET_NAME)";
				SWIFT_VERSION = 5.0;
				TARGETED_DEVICE_FAMILY = "1,2";
			};
			name = Release;
		};
		44C4954B25078039007166BD /* Debug */ = {
			isa = XCBuildConfiguration;
			buildSettings = {
				ALWAYS_EMBED_SWIFT_STANDARD_LIBRARIES = YES;
				BUNDLE_LOADER = "$(TEST_HOST)";
				CODE_SIGN_STYLE = Automatic;
				DEVELOPMENT_TEAM = 7QZS4PBBA8;
				INFOPLIST_FILE = NewsAppTests/Info.plist;
				IPHONEOS_DEPLOYMENT_TARGET = 13.6;
				LD_RUNPATH_SEARCH_PATHS = (
					"$(inherited)",
					"@executable_path/Frameworks",
					"@loader_path/Frameworks",
				);
				PRODUCT_BUNDLE_IDENTIFIER = com.bkumar.NewsAppTests;
				PRODUCT_NAME = "$(TARGET_NAME)";
				SWIFT_VERSION = 5.0;
				TARGETED_DEVICE_FAMILY = "1,2";
				TEST_HOST = "$(BUILT_PRODUCTS_DIR)/NewsApp.app/NewsApp";
			};
			name = Debug;
		};
		44C4954C25078039007166BD /* Release */ = {
			isa = XCBuildConfiguration;
			buildSettings = {
				ALWAYS_EMBED_SWIFT_STANDARD_LIBRARIES = YES;
				BUNDLE_LOADER = "$(TEST_HOST)";
				CODE_SIGN_STYLE = Automatic;
				DEVELOPMENT_TEAM = 7QZS4PBBA8;
				INFOPLIST_FILE = NewsAppTests/Info.plist;
				IPHONEOS_DEPLOYMENT_TARGET = 13.6;
				LD_RUNPATH_SEARCH_PATHS = (
					"$(inherited)",
					"@executable_path/Frameworks",
					"@loader_path/Frameworks",
				);
				PRODUCT_BUNDLE_IDENTIFIER = com.bkumar.NewsAppTests;
				PRODUCT_NAME = "$(TARGET_NAME)";
				SWIFT_VERSION = 5.0;
				TARGETED_DEVICE_FAMILY = "1,2";
				TEST_HOST = "$(BUILT_PRODUCTS_DIR)/NewsApp.app/NewsApp";
			};
			name = Release;
		};
/* End XCBuildConfiguration section */

/* Begin XCConfigurationList section */
		44C4952325078035007166BD /* Build configuration list for PBXProject "NewsApp" */ = {
			isa = XCConfigurationList;
			buildConfigurations = (
				44C4954525078039007166BD /* Debug */,
				44C4954625078039007166BD /* Release */,
			);
			defaultConfigurationIsVisible = 0;
			defaultConfigurationName = Release;
		};
		44C4954725078039007166BD /* Build configuration list for PBXNativeTarget "NewsApp" */ = {
			isa = XCConfigurationList;
			buildConfigurations = (
				44C4954825078039007166BD /* Debug */,
				44C4954925078039007166BD /* Release */,
			);
			defaultConfigurationIsVisible = 0;
			defaultConfigurationName = Release;
		};
		44C4954A25078039007166BD /* Build configuration list for PBXNativeTarget "NewsAppTests" */ = {
			isa = XCConfigurationList;
			buildConfigurations = (
				44C4954B25078039007166BD /* Debug */,
				44C4954C25078039007166BD /* Release */,
			);
			defaultConfigurationIsVisible = 0;
			defaultConfigurationName = Release;
		};
/* End XCConfigurationList section */

/* Begin XCVersionGroup section */
		44C4957525079FFD007166BD /* ArticleData.xcdatamodeld */ = {
			isa = XCVersionGroup;
			children = (
				44C4957625079FFD007166BD /* ArticleData.xcdatamodel */,
			);
			currentVersion = 44C4957625079FFD007166BD /* ArticleData.xcdatamodel */;
			path = ArticleData.xcdatamodeld;
			sourceTree = "<group>";
			versionGroupType = wrapper.xcdatamodel;
		};
/* End XCVersionGroup section */
	};
	rootObject = 44C4952025078035007166BD /* Project object */;
}
